
Microsoft Visual Studio Solution File, Format Version 12.00
# Visual Studio Version 17
VisualStudioVersion = 17.5.33627.172
MinimumVisualStudioVersion = 10.0.40219.1
Project("{FAE04EC0-301F-11D3-BF4B-00C04F79EFBC}") = "ConsoleApp12", "ConsoleApp12\ConsoleApp12.csproj", "{D3CFB2D5-0AFA-4FCA-9134-F34879CF851A}"
EndProject
Global
	GlobalSection(SolutionConfigurationPlatforms) = preSolution
		Debug|Any CPU = Debug|Any CPU
		Release|Any CPU = Release|Any CPU
	EndGlobalSection
	GlobalSection(ProjectConfigurationPlatforms) = postSolution
		{D3CFB2D5-0AFA-4FCA-9134-F34879CF851A}.Debug|Any CPU.ActiveCfg = Debug|Any CPU
		{D3CFB2D5-0AFA-4FCA-9134-F34879CF851A}.Debug|Any CPU.Build.0 = Debug|Any CPU
		{D3CFB2D5-0AFA-4FCA-9134-F34879CF851A}.Release|Any CPU.ActiveCfg = Release|Any CPU
		{D3CFB2D5-0AFA-4FCA-9134-F34879CF851A}.Release|Any CPU.Build.0 = Release|Any CPU
	EndGlobalSection
	GlobalSection(SolutionProperties) = preSolution
		HideSolutionNode = FALSE
	EndGlobalSection
	GlobalSection(ExtensibilityGlobals) = postSolution
		SolutionGuid = {AD46972C-3F5A-4D38-82C7-15C6F1B727AE}
	EndGlobalSection
EndGlobal
